# THIS IS AN AUTOGENERATED FILE. DO NOT EDIT THIS FILE DIRECTLY.
# yarn lockfile v1


"@babel/runtime@^7.13.16", "@babel/runtime@^7.14.0", "@babel/runtime@^7.5.5", "@babel/runtime@^7.6.2", "@babel/runtime@^7.6.3", "@babel/runtime@^7.8.7":
  version "7.15.4"
  resolved "https://registry.npmjs.org/@babel/runtime/-/runtime-7.15.4.tgz"
  integrity sha512-99catp6bHCaxr4sJ/DbTGgHS4+Rs2RVd2g7iOap6SLGPDknRK9ztKNsE/Fg6QhSeh1FGE5f6gHGQmvvn3I3xhw==
  dependencies:
    regenerator-runtime "^0.13.4"

"@popperjs/core@^2.9.2":
  version "2.10.1"
  resolved "https://registry.npmjs.org/@popperjs/core/-/core-2.10.1.tgz"
  integrity sha512-HnUhk1Sy9IuKrxEMdIRCxpIqPw6BFsbYSEUO9p/hNw5sMld/+3OLMWQP80F8/db9qsv3qUjs7ZR5bS/R+iinXw==

"@react-aria/ssr@^3.0.1":
  version "3.0.3"
  resolved "https://registry.npmjs.org/@react-aria/ssr/-/ssr-3.0.3.tgz"
  integrity sha512-m7mFU1GGkdlSq++QdAcV6n21B0mc8TEqCSuMdhckkL4psMrnuj5rUoW8pI17LvIxB6RU2tGnjtjJeVBuiE86ow==
  dependencies:
    "@babel/runtime" "^7.6.2"

"@react-spring/animated@~9.2.0":
  version "9.2.4"
  resolved "https://registry.yarnpkg.com/@react-spring/animated/-/animated-9.2.4.tgz#062ecc0fdfef89f2541a42d8500428b70035f879"
  integrity sha512-AfV6ZM8pCCAT29GY5C8/1bOPjZrv/7kD0vedjiE/tEYvNDwg9GlscrvsTViWR2XykJoYrDfdkYArrldWpsCJ5g==
  dependencies:
    "@react-spring/shared" "~9.2.0"
    "@react-spring/types" "~9.2.0"

"@react-spring/core@~9.2.0":
  version "9.2.4"
  resolved "https://registry.yarnpkg.com/@react-spring/core/-/core-9.2.4.tgz#275a4a065e3a315a4f5fb28c9a6f62ce718c25d6"
  integrity sha512-R+PwyfsjiuYCWqaTTfCpYpRmsP0h87RNm7uxC1Uxy7QAHUfHEm2sAHn+AdHPwq/MbVwDssVT8C5yf2WGcqiXGg==
  dependencies:
    "@react-spring/animated" "~9.2.0"
    "@react-spring/shared" "~9.2.0"
    "@react-spring/types" "~9.2.0"

"@react-spring/konva@~9.2.0":
  version "9.2.4"
  resolved "https://registry.yarnpkg.com/@react-spring/konva/-/konva-9.2.4.tgz#e467b24b3b110ba496526c9001439ce561641e0d"
  integrity sha512-19anDOIkfjcydDTfGgVIuZ3lruZxKubYGs9oHCswaP8SRLj7c1kkopJHUr/S4LXGxiIdqdF0XucWm0iTEPEq4w==
  dependencies:
    "@react-spring/animated" "~9.2.0"
    "@react-spring/core" "~9.2.0"
    "@react-spring/shared" "~9.2.0"
    "@react-spring/types" "~9.2.0"

"@react-spring/native@~9.2.0":
  version "9.2.4"
  resolved "https://registry.yarnpkg.com/@react-spring/native/-/native-9.2.4.tgz#0fd335a44c05023f5428df444d8f1aa3da7abfc9"
  integrity sha512-xKJWKh5qOhSclpL3iuGwJRLoZzTNvlBEnIrMs8yh8xvX6z9Lmnu4uGu5DpfrnM1GzBvRoktoCoLEx/VcEYFSng==
  dependencies:
    "@react-spring/animated" "~9.2.0"
    "@react-spring/core" "~9.2.0"
    "@react-spring/shared" "~9.2.0"
    "@react-spring/types" "~9.2.0"

"@react-spring/rafz@~9.2.0":
  version "9.2.4"
  resolved "https://registry.yarnpkg.com/@react-spring/rafz/-/rafz-9.2.4.tgz#44793e9adc14dd0dcd1573d094368af11a89d73a"
  integrity sha512-SOKf9eue+vAX+DGo7kWYNl9i9J3gPUlQjifIcV9Bzw9h3i30wPOOP0TjS7iMG/kLp2cdHQYDNFte6nt23VAZkQ==

"@react-spring/shared@~9.2.0":
  version "9.2.4"
  resolved "https://registry.yarnpkg.com/@react-spring/shared/-/shared-9.2.4.tgz#f9cc66ac5308a77293330a18518e34121f4008c1"
  integrity sha512-ZEr4l2BxmyFRUvRA2VCkPfCJii4E7cGkwbjmTBx1EmcGrOnde/V2eF5dxqCTY3k35QuCegkrWe0coRJVkh8q2Q==
  dependencies:
    "@react-spring/rafz" "~9.2.0"
    "@react-spring/types" "~9.2.0"

"@react-spring/three@~9.2.0":
  version "9.2.4"
  resolved "https://registry.yarnpkg.com/@react-spring/three/-/three-9.2.4.tgz#849c97658a6e1410b6f823ad21e2ee33feada820"
  integrity sha512-ljFig7XW099VWwRPKPUf+4yYLivp/sSWXN3oO5SJOF/9BSoV1quS/9chZ5Myl5J14od3CsHf89Tv4FdlX5kHlA==
  dependencies:
    "@react-spring/animated" "~9.2.0"
    "@react-spring/core" "~9.2.0"
    "@react-spring/shared" "~9.2.0"
    "@react-spring/types" "~9.2.0"

"@react-spring/types@~9.2.0":
  version "9.2.4"
  resolved "https://registry.yarnpkg.com/@react-spring/types/-/types-9.2.4.tgz#2365ce9d761f548a9adcb2cd68714bf26765a5de"
  integrity sha512-zHUXrWO8nweUN/ISjrjqU7GgXXvoEbFca1CgiE0TY0H/dqJb3l+Rhx8ecPVNYimzFg3ZZ1/T0egpLop8SOv4aA==

"@react-spring/web@~9.2.0":
  version "9.2.4"
  resolved "https://registry.yarnpkg.com/@react-spring/web/-/web-9.2.4.tgz#c6d5464a954bfd0d7bc90117050f796a95ebfa08"
  integrity sha512-vtPvOalLFvuju/MDBtoSnCyt0xXSL6Amyv82fljOuWPl1yGd4M1WteijnYL9Zlriljl0a3oXcPunAVYTD9dbDQ==
  dependencies:
    "@react-spring/animated" "~9.2.0"
    "@react-spring/core" "~9.2.0"
    "@react-spring/shared" "~9.2.0"
    "@react-spring/types" "~9.2.0"

"@react-spring/zdog@~9.2.0":
  version "9.2.4"
  resolved "https://registry.yarnpkg.com/@react-spring/zdog/-/zdog-9.2.4.tgz#db1d1924fe9920e917d889c4d3bb138bd0885cf1"
  integrity sha512-rv7ptedS37SHr6yuCbRkUErAzAhebdgt8f4KUtZWzseC+7qLNkaZWf+uujgsb881qAuX9b9yz8rre9UKeYepgw==
  dependencies:
    "@react-spring/animated" "~9.2.0"
    "@react-spring/core" "~9.2.0"
    "@react-spring/shared" "~9.2.0"
    "@react-spring/types" "~9.2.0"

"@restart/context@^2.1.4":
  version "2.1.4"
  resolved "https://registry.npmjs.org/@restart/context/-/context-2.1.4.tgz"
  integrity sha512-INJYZQJP7g+IoDUh/475NlGiTeMfwTXUEr3tmRneckHIxNolGOW9CTq83S8cxq0CgJwwcMzMJFchxvlwe7Rk8Q==

"@restart/hooks@^0.3.26":
  version "0.3.27"
  resolved "https://registry.npmjs.org/@restart/hooks/-/hooks-0.3.27.tgz"
  integrity sha512-s984xV/EapUIfkjlf8wz9weP2O9TNKR96C68FfMEy2bE69+H4cNv3RD4Mf97lW7Htt7PjZrYTjSC8f3SB9VCXw==
  dependencies:
    dequal "^2.0.2"

"@restart/hooks@^0.4.0":
  version "0.4.0"
  resolved "https://registry.npmjs.org/@restart/hooks/-/hooks-0.4.0.tgz"
  integrity sha512-+RenTVobiCHPjUTbhQDV8m0PU1xEWqgloMIIOlf86oKnfghKR/l4tKto7TH543shEQZZa7ARSMTvT0cXN9u8+g==
  dependencies:
    dequal "^2.0.2"

"@restart/ui@^0.2.1":
  version "0.2.2"
  resolved "https://registry.npmjs.org/@restart/ui/-/ui-0.2.2.tgz"
  integrity sha512-PgNkiyOaWwx8ttQ45KNABXU3780fB/UxNFxcsCpC4RRAlaByZHHbNLOKfhuFs+ZUU0uLxEH9wYQEhDAZc6ajkA==
  dependencies:
    "@babel/runtime" "^7.13.16"
    "@popperjs/core" "^2.9.2"
    "@react-aria/ssr" "^3.0.1"
    "@restart/hooks" "^0.4.0"
    "@types/warning" "^3.0.0"
    dequal "^2.0.2"
    dom-helpers "^5.2.0"
    prop-types "^15.7.2"
    uncontrollable "^7.2.1"
    warning "^4.0.3"

"@types/invariant@^2.2.33":
  version "2.2.35"
  resolved "https://registry.npmjs.org/@types/invariant/-/invariant-2.2.35.tgz"
  integrity sha512-DxX1V9P8zdJPYQat1gHyY0xj3efl8gnMVjiM9iCY6y27lj+PoQWkgjt8jDqmovPqULkKVpKRg8J36iQiA+EtEg==

"@types/prop-types@*", "@types/prop-types@^15.7.3":
  version "15.7.4"
  resolved "https://registry.npmjs.org/@types/prop-types/-/prop-types-15.7.4.tgz"
  integrity sha512-rZ5drC/jWjrArrS8BR6SIr4cWpW09RNTYt9AMZo3Jwwif+iacXAqgVjm0B0Bv/S1jhDXKHqRVNCbACkJ89RAnQ==

"@types/react-transition-group@^4.4.1":
  version "4.4.2"
  resolved "https://registry.npmjs.org/@types/react-transition-group/-/react-transition-group-4.4.2.tgz"
  integrity sha512-KibDWL6nshuOJ0fu8ll7QnV/LVTo3PzQ9aCPnRUYPfX7eZohHwLIdNHj7pftanREzHNP4/nJa8oeM73uSiavMQ==
  dependencies:
    "@types/react" "*"

"@types/react@*", "@types/react@>=16.14.8", "@types/react@>=16.9.11":
  version "17.0.19"
  resolved "https://registry.npmjs.org/@types/react/-/react-17.0.19.tgz"
  integrity sha512-sX1HisdB1/ZESixMTGnMxH9TDe8Sk709734fEQZzCV/4lSu9kJCPbo2PbTRoZM+53Pp0P10hYVyReUueGwUi4A==
  dependencies:
    "@types/prop-types" "*"
    "@types/scheduler" "*"
    csstype "^3.0.2"

"@types/scheduler@*":
  version "0.16.2"
  resolved "https://registry.npmjs.org/@types/scheduler/-/scheduler-0.16.2.tgz"
  integrity sha512-hppQEBDmlwhFAXKJX2KnWLYu5yMfi91yazPb2l+lbJiwW+wdo1gNeRA+3RgNSO39WYX2euey41KEwnqesU2Jew==

"@types/warning@^3.0.0":
  version "3.0.0"
  resolved "https://registry.npmjs.org/@types/warning/-/warning-3.0.0.tgz"
  integrity sha1-DSUBJorY+ZYrdA04fEZU9fjiPlI=

bootstrap@^5.1.0:
  version "5.1.0"
  resolved "https://registry.npmjs.org/bootstrap/-/bootstrap-5.1.0.tgz"
  integrity sha512-bs74WNI9BgBo3cEovmdMHikSKoXnDgA6VQjJ7TyTotU6L7d41ZyCEEelPwkYEzsG/Zjv3ie9IE3EMAje0W9Xew==

classnames@^2.3.1:
  version "2.3.1"
  resolved "https://registry.npmjs.org/classnames/-/classnames-2.3.1.tgz"
  integrity sha512-OlQdbZ7gLfGarSqxesMesDa5uz7KFbID8Kpq/SxIoNGDqY8lSYs0D+hhtBXhcdB3rcbXArFr7vlHheLk1voeNA==

csstype@^3.0.2:
  version "3.0.8"
  resolved "https://registry.npmjs.org/csstype/-/csstype-3.0.8.tgz"
  integrity sha512-jXKhWqXPmlUeoQnF/EhTtTl4C9SnrxSH/jZUih3jmO6lBKr99rP3/+FmrMj4EFpOXzMtXHAZkd3x0E6h6Fgflw==

dequal@^2.0.2:
  version "2.0.2"
  resolved "https://registry.npmjs.org/dequal/-/dequal-2.0.2.tgz"
  integrity sha512-q9K8BlJVxK7hQYqa6XISGmBZbtQQWVXSrRrWreHC94rMt1QL/Impruc+7p2CYSYuVIUr+YCt6hjrs1kkdJRTug==

dom-helpers@^5.0.1, dom-helpers@^5.2.0, dom-helpers@^5.2.1:
  version "5.2.1"
  resolved "https://registry.npmjs.org/dom-helpers/-/dom-helpers-5.2.1.tgz"
  integrity sha512-nRCa7CK3VTrM2NmGkIy4cbK7IZlgBE/PYMn55rrXefr5xXDP0LdtfPnblFDoVdcAfslJ7or6iqAUnx0CCGIWQA==
  dependencies:
    "@babel/runtime" "^7.8.7"
    csstype "^3.0.2"

invariant@^2.2.4:
  version "2.2.4"
  resolved "https://registry.npmjs.org/invariant/-/invariant-2.2.4.tgz"
  integrity sha512-phJfQVBuaJM5raOpJjSfkiD6BpbCE4Ns//LaXl6wGYtUBY83nWS6Rf9tXm2e8VaK60JEjYldbPif/A2B1C2gNA==
  dependencies:
    loose-envify "^1.0.0"

"js-tokens@^3.0.0 || ^4.0.0":
  version "4.0.0"
  resolved "https://registry.npmjs.org/js-tokens/-/js-tokens-4.0.0.tgz"
  integrity sha512-RdJUflcE3cUzKiMqQgsCu06FPu9UdIJO0beYbPhHN4k6apgJtifcoCtT9bcxOpYBtpD2kCM6Sbzg4CausW/PKQ==

loose-envify@^1.0.0, loose-envify@^1.4.0:
  version "1.4.0"
  resolved "https://registry.npmjs.org/loose-envify/-/loose-envify-1.4.0.tgz"
  integrity sha512-lyuxPGr/Wfhrlem2CL/UcnUc1zcqKAImBDzukY7Y5F/yQiNdko6+fRLevlw1HgMySw7f611UIY408EtxRSoK3Q==
  dependencies:
    js-tokens "^3.0.0 || ^4.0.0"

object-assign@^4.1.1:
  version "4.1.1"
  resolved "https://registry.npmjs.org/object-assign/-/object-assign-4.1.1.tgz"
  integrity sha1-IQmtx5ZYh8/AXLvUQsrIv7s2CGM=

prop-types-extra@^1.1.0:
  version "1.1.1"
  resolved "https://registry.npmjs.org/prop-types-extra/-/prop-types-extra-1.1.1.tgz"
  integrity sha512-59+AHNnHYCdiC+vMwY52WmvP5dM3QLeoumYuEyceQDi9aEhtwN9zIQ2ZNo25sMyXnbh32h+P1ezDsUpUH3JAew==
  dependencies:
    react-is "^16.3.2"
    warning "^4.0.0"

prop-types@^15.6.2, prop-types@^15.7.2:
  version "15.7.2"
  resolved "https://registry.npmjs.org/prop-types/-/prop-types-15.7.2.tgz"
  integrity sha512-8QQikdH7//R2vurIJSutZ1smHYTcLpRWEOlHnzcWHmBYrOGUysKwSsrC89BCiFj3CbrfJ/nXFdJepOVrY1GCHQ==
  dependencies:
    loose-envify "^1.4.0"
    object-assign "^4.1.1"
    react-is "^16.8.1"

react-bootstrap@^2.0.0-beta.6:
  version "2.0.0-beta.6"
  resolved "https://registry.npmjs.org/react-bootstrap/-/react-bootstrap-2.0.0-beta.6.tgz"
  integrity sha512-eHEkmESWYYgNLjqbz31G696Eytu+6GeF8CPHQ8t9Se12dUEej8OjBakyQP0OGms9yy1ZZeLG/Fvuo7VxiwMcuQ==
  dependencies:
    "@babel/runtime" "^7.14.0"
    "@restart/context" "^2.1.4"
    "@restart/hooks" "^0.3.26"
    "@restart/ui" "^0.2.1"
    "@types/invariant" "^2.2.33"
    "@types/prop-types" "^15.7.3"
    "@types/react" ">=16.14.8"
    "@types/react-transition-group" "^4.4.1"
    "@types/warning" "^3.0.0"
    classnames "^2.3.1"
    dom-helpers "^5.2.1"
    invariant "^2.2.4"
    prop-types "^15.7.2"
    prop-types-extra "^1.1.0"
    react-transition-group "^4.4.1"
    uncontrollable "^7.2.1"
    warning "^4.0.3"

react-is@^16.3.2, react-is@^16.8.1:
  version "16.13.1"
  resolved "https://registry.npmjs.org/react-is/-/react-is-16.13.1.tgz"
  integrity sha512-24e6ynE2H+OKt4kqsOvNd8kBpV65zoxbA4BVsEOB3ARVWQki/DHzaUoC5KuON/BiccDaCCTZBuOcfZs70kR8bQ==

react-lifecycles-compat@^3.0.4:
  version "3.0.4"
  resolved "https://registry.npmjs.org/react-lifecycles-compat/-/react-lifecycles-compat-3.0.4.tgz"
  integrity sha512-fBASbA6LnOU9dOU2eW7aQ8xmYBSXUIWr+UmF9b1efZBazGNO+rcXT/icdKnYm2pTwcRylVUYwW7H1PHfLekVzA==

react-spring@^9.2.4:
  version "9.2.4"
  resolved "https://registry.yarnpkg.com/react-spring/-/react-spring-9.2.4.tgz#9d89b0321664d594f957dca9459b13d94b3dfa39"
  integrity sha512-bMjbyTW0ZGd+/h9cjtohLqCwOGqX2OuaTvalOVfLCGmhzEg/u3GgopI3LAm4UD2Br3MNdVdGgNVoESg4MGqKFQ==
  dependencies:
    "@react-spring/core" "~9.2.0"
    "@react-spring/konva" "~9.2.0"
    "@react-spring/native" "~9.2.0"
    "@react-spring/three" "~9.2.0"
    "@react-spring/web" "~9.2.0"
    "@react-spring/zdog" "~9.2.0"

react-transition-group@^4.4.1:
  version "4.4.2"
  resolved "https://registry.npmjs.org/react-transition-group/-/react-transition-group-4.4.2.tgz"
  integrity sha512-/RNYfRAMlZwDSr6z4zNKV6xu53/e2BuaBbGhbyYIXTrmgu/bGHzmqOs7mJSJBHy9Ud+ApHx3QjrkKSp1pxvlFg==
  dependencies:
    "@babel/runtime" "^7.5.5"
    dom-helpers "^5.0.1"
    loose-envify "^1.4.0"
    prop-types "^15.6.2"

regenerator-runtime@^0.13.4:
  version "0.13.9"
  resolved "https://registry.npmjs.org/regenerator-runtime/-/regenerator-runtime-0.13.9.tgz"
  integrity sha512-p3VT+cOEgxFsRRA9X4lkI1E+k2/CtnKtU4gcxyaCUreilL/vqI6CdZ3wxVUx3UOUg+gnUOQQcRI7BmSI656MYA==

uncontrollable@^7.2.1:
  version "7.2.1"
  resolved "https://registry.npmjs.org/uncontrollable/-/uncontrollable-7.2.1.tgz"
  integrity sha512-svtcfoTADIB0nT9nltgjujTi7BzVmwjZClOmskKu/E8FW9BXzg9os8OLr4f8Dlnk0rYWJIWr4wv9eKUXiQvQwQ==
  dependencies:
    "@babel/runtime" "^7.6.3"
    "@types/react" ">=16.9.11"
    invariant "^2.2.4"
    react-lifecycles-compat "^3.0.4"

warning@^4.0.0, warning@^4.0.3:
  version "4.0.3"
  resolved "https://registry.npmjs.org/warning/-/warning-4.0.3.tgz"
  integrity sha512-rpJyN222KWIvHJ/F53XSZv0Zl/accqHR8et1kpaMTD/fLCRxtV8iX8czMzY7sVZupTI3zcUTg8eycS2kNF9l6w==
  dependencies:
    loose-envify "^1.0.0"
